// !$*UTF8*$!
{
	archiveVersion = 1;
	classes = {
	};
	objectVersion = 77;
	objects = {

/* Begin PBXBuildFile section */
		01DB631C2DEF3C0800C09E8E /* Cafes.swift in Sources */ = {isa = PBXBuildFile; fileRef = 01DB630A2DEF3C0800C09E8E /* Cafes.swift */; };
		01DB631D2DEF3C0800C09E8E /* ModelData.swift in Sources */ = {isa = PBXBuildFile; fileRef = 01DB630B2DEF3C0800C09E8E /* ModelData.swift */; };
		01DB631E2DEF3C0800C09E8E /* Rate.swift in Sources */ = {isa = PBXBuildFile; fileRef = 01DB630C2DEF3C0800C09E8E /* Rate.swift */; };
		01DB631F2DEF3C0800C09E8E /* ContentView.swift in Sources */ = {isa = PBXBuildFile; fileRef = 01DB63132DEF3C0800C09E8E /* ContentView.swift */; };
		01DB63202DEF3C0800C09E8E /* ListCityView.swift in Sources */ = {isa = PBXBuildFile; fileRef = 01DB63142DEF3C0800C09E8E /* ListCityView.swift */; };
		01DB63212DEF3C0800C09E8E /* ListCountriesView.swift in Sources */ = {isa = PBXBuildFile; fileRef = 01DB63152DEF3C0800C09E8E /* ListCountriesView.swift */; };
		01DB63222DEF3C0800C09E8E /* ListDistrictView.swift in Sources */ = {isa = PBXBuildFile; fileRef = 01DB63162DEF3C0800C09E8E /* ListDistrictView.swift */; };
		01DB63232DEF3C0800C09E8E /* ModifiedCafesListView.swift in Sources */ = {isa = PBXBuildFile; fileRef = 01DB63172DEF3C0800C09E8E /* ModifiedCafesListView.swift */; };
		01DB63242DEF3C0800C09E8E /* iTourApp.swift in Sources */ = {isa = PBXBuildFile; fileRef = 01DB631A2DEF3C0800C09E8E /* iTourApp.swift */; };
		01DB63252DEF3C0800C09E8E /* Preview Assets.xcassets in Resources */ = {isa = PBXBuildFile; fileRef = 01DB630E2DEF3C0800C09E8E /* Preview Assets.xcassets */; };
		01DB63262DEF3C0800C09E8E /* cafesData.json in Resources */ = {isa = PBXBuildFile; fileRef = 01DB63102DEF3C0800C09E8E /* cafesData.json */; };
		01DB63272DEF3C0800C09E8E /* ratesData.json in Resources */ = {isa = PBXBuildFile; fileRef = 01DB63112DEF3C0800C09E8E /* ratesData.json */; };
		01DB63282DEF3C0800C09E8E /* Assets.xcassets in Resources */ = {isa = PBXBuildFile; fileRef = 01DB63192DEF3C0800C09E8E /* Assets.xcassets */; };
		01DB632B2DF098DF00C09E8E /* SendJSON.swift in Sources */ = {isa = PBXBuildFile; fileRef = 01DB632A2DF098D500C09E8E /* SendJSON.swift */; };
		01DB63332DF1FDB100C09E8E /* LoginView.swift in Sources */ = {isa = PBXBuildFile; fileRef = 01DB63312DF1FDB100C09E8E /* LoginView.swift */; };
		01DB63352DF1FDB100C09E8E /* Profile.swift in Sources */ = {isa = PBXBuildFile; fileRef = 01DB63322DF1FDB100C09E8E /* Profile.swift */; };
		01DB63382DF20EF200C09E8E /* Auth0 in Frameworks */ = {isa = PBXBuildFile; productRef = 01DB63372DF20EF200C09E8E /* Auth0 */; };
		01DB633E2DF2106700C09E8E /* Auth0.plist in Resources */ = {isa = PBXBuildFile; fileRef = 01DB633D2DF2106700C09E8E /* Auth0.plist */; };
		01DB63402DF312C500C09E8E /* UserStateViewModel.swift in Sources */ = {isa = PBXBuildFile; fileRef = 01DB633F2DF312BD00C09E8E /* UserStateViewModel.swift */; };
/* End PBXBuildFile section */

/* Begin PBXFileReference section */
		0199F3A52CE6798B00C7A87F /* iTour.app */ = {isa = PBXFileReference; explicitFileType = wrapper.application; includeInIndex = 0; path = iTour.app; sourceTree = BUILT_PRODUCTS_DIR; };
		01DB630A2DEF3C0800C09E8E /* Cafes.swift */ = {isa = PBXFileReference; lastKnownFileType = sourcecode.swift; path = Cafes.swift; sourceTree = "<group>"; };
		01DB630B2DEF3C0800C09E8E /* ModelData.swift */ = {isa = PBXFileReference; lastKnownFileType = sourcecode.swift; path = ModelData.swift; sourceTree = "<group>"; };
		01DB630C2DEF3C0800C09E8E /* Rate.swift */ = {isa = PBXFileReference; lastKnownFileType = sourcecode.swift; path = Rate.swift; sourceTree = "<group>"; };
		01DB630E2DEF3C0800C09E8E /* Preview Assets.xcassets */ = {isa = PBXFileReference; lastKnownFileType = folder.assetcatalog; path = "Preview Assets.xcassets"; sourceTree = "<group>"; };
		01DB63102DEF3C0800C09E8E /* cafesData.json */ = {isa = PBXFileReference; lastKnownFileType = text.json; path = cafesData.json; sourceTree = "<group>"; };
		01DB63112DEF3C0800C09E8E /* ratesData.json */ = {isa = PBXFileReference; lastKnownFileType = text.json; path = ratesData.json; sourceTree = "<group>"; };
		01DB63132DEF3C0800C09E8E /* ContentView.swift */ = {isa = PBXFileReference; lastKnownFileType = sourcecode.swift; path = ContentView.swift; sourceTree = "<group>"; };
		01DB63142DEF3C0800C09E8E /* ListCityView.swift */ = {isa = PBXFileReference; lastKnownFileType = sourcecode.swift; path = ListCityView.swift; sourceTree = "<group>"; };
		01DB63152DEF3C0800C09E8E /* ListCountriesView.swift */ = {isa = PBXFileReference; lastKnownFileType = sourcecode.swift; path = ListCountriesView.swift; sourceTree = "<group>"; };
		01DB63162DEF3C0800C09E8E /* ListDistrictView.swift */ = {isa = PBXFileReference; lastKnownFileType = sourcecode.swift; path = ListDistrictView.swift; sourceTree = "<group>"; };
		01DB63172DEF3C0800C09E8E /* ModifiedCafesListView.swift */ = {isa = PBXFileReference; lastKnownFileType = sourcecode.swift; path = ModifiedCafesListView.swift; sourceTree = "<group>"; };
		01DB63192DEF3C0800C09E8E /* Assets.xcassets */ = {isa = PBXFileReference; lastKnownFileType = folder.assetcatalog; path = Assets.xcassets; sourceTree = "<group>"; };
		01DB631A2DEF3C0800C09E8E /* iTourApp.swift */ = {isa = PBXFileReference; lastKnownFileType = sourcecode.swift; path = iTourApp.swift; sourceTree = "<group>"; };
		01DB63292DEF3D8E00C09E8E /* Info.plist */ = {isa = PBXFileReference; lastKnownFileType = text.plist; path = Info.plist; sourceTree = "<group>"; };
		01DB632A2DF098D500C09E8E /* SendJSON.swift */ = {isa = PBXFileReference; lastKnownFileType = sourcecode.swift; path = SendJSON.swift; sourceTree = "<group>"; };
		01DB63312DF1FDB100C09E8E /* LoginView.swift */ = {isa = PBXFileReference; lastKnownFileType = sourcecode.swift; path = LoginView.swift; sourceTree = "<group>"; };
		01DB63322DF1FDB100C09E8E /* Profile.swift */ = {isa = PBXFileReference; lastKnownFileType = sourcecode.swift; path = Profile.swift; sourceTree = "<group>"; };
		01DB633D2DF2106700C09E8E /* Auth0.plist */ = {isa = PBXFileReference; lastKnownFileType = text.plist.xml; path = Auth0.plist; sourceTree = "<group>"; };
		01DB633F2DF312BD00C09E8E /* UserStateViewModel.swift */ = {isa = PBXFileReference; lastKnownFileType = sourcecode.swift; path = UserStateViewModel.swift; sourceTree = "<group>"; };
/* End PBXFileReference section */

/* Begin PBXFrameworksBuildPhase section */
		0199F3A22CE6798B00C7A87F /* Frameworks */ = {
			isa = PBXFrameworksBuildPhase;
			buildActionMask = 2147483647;
			files = (
				01DB63382DF20EF200C09E8E /* Auth0 in Frameworks */,
			);
			runOnlyForDeploymentPostprocessing = 0;
		};
/* End PBXFrameworksBuildPhase section */

/* Begin PBXGroup section */
		0199F39C2CE6798B00C7A87F = {
			isa = PBXGroup;
			children = (
				01DB631B2DEF3C0800C09E8E /* iTour */,
				0199F3A62CE6798B00C7A87F /* Products */,
			);
			sourceTree = "<group>";
		};
		0199F3A62CE6798B00C7A87F /* Products */ = {
			isa = PBXGroup;
			children = (
				0199F3A52CE6798B00C7A87F /* iTour.app */,
			);
			name = Products;
			sourceTree = "<group>";
		};
		01DB630D2DEF3C0800C09E8E /* Model */ = {
			isa = PBXGroup;
			children = (
				01DB630A2DEF3C0800C09E8E /* Cafes.swift */,
				01DB630B2DEF3C0800C09E8E /* ModelData.swift */,
				01DB630C2DEF3C0800C09E8E /* Rate.swift */,
			);
			path = Model;
			sourceTree = "<group>";
		};
		01DB630F2DEF3C0800C09E8E /* Preview Content */ = {
			isa = PBXGroup;
			children = (
				01DB630E2DEF3C0800C09E8E /* Preview Assets.xcassets */,
			);
			path = "Preview Content";
			sourceTree = "<group>";
		};
		01DB63122DEF3C0800C09E8E /* Resources */ = {
			isa = PBXGroup;
			children = (
				01DB63102DEF3C0800C09E8E /* cafesData.json */,
				01DB63112DEF3C0800C09E8E /* ratesData.json */,
			);
			path = Resources;
			sourceTree = "<group>";
		};
		01DB63182DEF3C0800C09E8E /* Views */ = {
			isa = PBXGroup;
			children = (
				01DB63132DEF3C0800C09E8E /* ContentView.swift */,
				01DB63142DEF3C0800C09E8E /* ListCityView.swift */,
				01DB63152DEF3C0800C09E8E /* ListCountriesView.swift */,
				01DB63162DEF3C0800C09E8E /* ListDistrictView.swift */,
				01DB63172DEF3C0800C09E8E /* ModifiedCafesListView.swift */,
			);
			path = Views;
			sourceTree = "<group>";
		};
		01DB631B2DEF3C0800C09E8E /* iTour */ = {
			isa = PBXGroup;
			children = (
				01DB63292DEF3D8E00C09E8E /* Info.plist */,
				01DB633D2DF2106700C09E8E /* Auth0.plist */,
				01DB631A2DEF3C0800C09E8E /* iTourApp.swift */,
				01DB63182DEF3C0800C09E8E /* Views */,
				01DB630D2DEF3C0800C09E8E /* Model */,
				01DB632E2DF1D86900C09E8E /* Sync */,
				01DB632F2DF1FDA600C09E8E /* Login */,
				01DB63122DEF3C0800C09E8E /* Resources */,
				01DB630F2DEF3C0800C09E8E /* Preview Content */,
				01DB63192DEF3C0800C09E8E /* Assets.xcassets */,
			);
			path = iTour;
			sourceTree = "<group>";
		};
		01DB632E2DF1D86900C09E8E /* Sync */ = {
			isa = PBXGroup;
			children = (
				01DB632A2DF098D500C09E8E /* SendJSON.swift */,
			);
			path = Sync;
			sourceTree = "<group>";
		};
		01DB632F2DF1FDA600C09E8E /* Login */ = {
			isa = PBXGroup;
			children = (
				01DB633F2DF312BD00C09E8E /* UserStateViewModel.swift */,
				01DB63312DF1FDB100C09E8E /* LoginView.swift */,
				01DB63322DF1FDB100C09E8E /* Profile.swift */,
			);
			path = Login;
			sourceTree = "<group>";
		};
/* End PBXGroup section */

/* Begin PBXNativeTarget section */
		0199F3A42CE6798B00C7A87F /* iTour */ = {
			isa = PBXNativeTarget;
			buildConfigurationList = 0199F3B32CE6798F00C7A87F /* Build configuration list for PBXNativeTarget "iTour" */;
			buildPhases = (
				0199F3A12CE6798B00C7A87F /* Sources */,
				0199F3A22CE6798B00C7A87F /* Frameworks */,
				0199F3A32CE6798B00C7A87F /* Resources */,
			);
			buildRules = (
			);
			dependencies = (
			);
			name = iTour;
			packageProductDependencies = (
				01DB63372DF20EF200C09E8E /* Auth0 */,
			);
			productName = iTour;
			productReference = 0199F3A52CE6798B00C7A87F /* iTour.app */;
			productType = "com.apple.product-type.application";
		};
/* End PBXNativeTarget section */

/* Begin PBXProject section */
		0199F39D2CE6798B00C7A87F /* Project object */ = {
			isa = PBXProject;
			attributes = {
				BuildIndependentTargetsInParallel = 1;
				LastSwiftUpdateCheck = 1610;
				LastUpgradeCheck = 1610;
				TargetAttributes = {
					0199F3A42CE6798B00C7A87F = {
						CreatedOnToolsVersion = 16.1;
					};
				};
			};
			buildConfigurationList = 0199F3A02CE6798B00C7A87F /* Build configuration list for PBXProject "iTour" */;
			developmentRegion = en;
			hasScannedForEncodings = 0;
			knownRegions = (
				en,
				Base,
			);
			mainGroup = 0199F39C2CE6798B00C7A87F;
			minimizedProjectReferenceProxies = 1;
			packageReferences = (
				01DB63362DF20EF200C09E8E /* XCRemoteSwiftPackageReference "Auth0" */,
			);
			preferredProjectObjectVersion = 77;
			productRefGroup = 0199F3A62CE6798B00C7A87F /* Products */;
			projectDirPath = "";
			projectRoot = "";
			targets = (
				0199F3A42CE6798B00C7A87F /* iTour */,
			);
		};
/* End PBXProject section */

/* Begin PBXResourcesBuildPhase section */
		0199F3A32CE6798B00C7A87F /* Resources */ = {
			isa = PBXResourcesBuildPhase;
			buildActionMask = 2147483647;
			files = (
				01DB633E2DF2106700C09E8E /* Auth0.plist in Resources */,
				01DB63252DEF3C0800C09E8E /* Preview Assets.xcassets in Resources */,
				01DB63262DEF3C0800C09E8E /* cafesData.json in Resources */,
				01DB63272DEF3C0800C09E8E /* ratesData.json in Resources */,
				01DB63282DEF3C0800C09E8E /* Assets.xcassets in Resources */,
			);
			runOnlyForDeploymentPostprocessing = 0;
		};
/* End PBXResourcesBuildPhase section */

/* Begin PBXSourcesBuildPhase section */
		0199F3A12CE6798B00C7A87F /* Sources */ = {
			isa = PBXSourcesBuildPhase;
			buildActionMask = 2147483647;
			files = (
				01DB631C2DEF3C0800C09E8E /* Cafes.swift in Sources */,
				01DB63402DF312C500C09E8E /* UserStateViewModel.swift in Sources */,
				01DB631D2DEF3C0800C09E8E /* ModelData.swift in Sources */,
				01DB631E2DEF3C0800C09E8E /* Rate.swift in Sources */,
				01DB632B2DF098DF00C09E8E /* SendJSON.swift in Sources */,
				01DB63332DF1FDB100C09E8E /* LoginView.swift in Sources */,
				01DB63352DF1FDB100C09E8E /* Profile.swift in Sources */,
				01DB631F2DEF3C0800C09E8E /* ContentView.swift in Sources */,
				01DB63202DEF3C0800C09E8E /* ListCityView.swift in Sources */,
				01DB63212DEF3C0800C09E8E /* ListCountriesView.swift in Sources */,
				01DB63222DEF3C0800C09E8E /* ListDistrictView.swift in Sources */,
				01DB63232DEF3C0800C09E8E /* ModifiedCafesListView.swift in Sources */,
				01DB63242DEF3C0800C09E8E /* iTourApp.swift in Sources */,
			);
			runOnlyForDeploymentPostprocessing = 0;
		};
/* End PBXSourcesBuildPhase section */

/* Begin XCBuildConfiguration section */
		0199F3B12CE6798F00C7A87F /* Debug */ = {
			isa = XCBuildConfiguration;
			buildSettings = {
				ALWAYS_SEARCH_USER_PATHS = NO;
				ASSETCATALOG_COMPILER_GENERATE_SWIFT_ASSET_SYMBOL_EXTENSIONS = YES;
				CLANG_ANALYZER_NONNULL = YES;
				CLANG_ANALYZER_NUMBER_OBJECT_CONVERSION = YES_AGGRESSIVE;
				CLANG_CXX_LANGUAGE_STANDARD = "gnu++20";
				CLANG_ENABLE_MODULES = YES;
				CLANG_ENABLE_OBJC_ARC = YES;
				CLANG_ENABLE_OBJC_WEAK = YES;
				CLANG_WARN_BLOCK_CAPTURE_AUTORELEASING = YES;
				CLANG_WARN_BOOL_CONVERSION = YES;
				CLANG_WARN_COMMA = YES;
				CLANG_WARN_CONSTANT_CONVERSION = YES;
				CLANG_WARN_DEPRECATED_OBJC_IMPLEMENTATIONS = YES;
				CLANG_WARN_DIRECT_OBJC_ISA_USAGE = YES_ERROR;
				CLANG_WARN_DOCUMENTATION_COMMENTS = YES;
				CLANG_WARN_EMPTY_BODY = YES;
				CLANG_WARN_ENUM_CONVERSION = YES;
				CLANG_WARN_INFINITE_RECURSION = YES;
				CLANG_WARN_INT_CONVERSION = YES;
				CLANG_WARN_NON_LITERAL_NULL_CONVERSION = YES;
				CLANG_WARN_OBJC_IMPLICIT_RETAIN_SELF = YES;
				CLANG_WARN_OBJC_LITERAL_CONVERSION = YES;
				CLANG_WARN_OBJC_ROOT_CLASS = YES_ERROR;
				CLANG_WARN_QUOTED_INCLUDE_IN_FRAMEWORK_HEADER = YES;
				CLANG_WARN_RANGE_LOOP_ANALYSIS = YES;
				CLANG_WARN_STRICT_PROTOTYPES = YES;
				CLANG_WARN_SUSPICIOUS_MOVE = YES;
				CLANG_WARN_UNGUARDED_AVAILABILITY = YES_AGGRESSIVE;
				CLANG_WARN_UNREACHABLE_CODE = YES;
				CLANG_WARN__DUPLICATE_METHOD_MATCH = YES;
				COPY_PHASE_STRIP = NO;
				DEBUG_INFORMATION_FORMAT = dwarf;
				ENABLE_STRICT_OBJC_MSGSEND = YES;
				ENABLE_TESTABILITY = YES;
				ENABLE_USER_SCRIPT_SANDBOXING = YES;
				GCC_C_LANGUAGE_STANDARD = gnu17;
				GCC_DYNAMIC_NO_PIC = NO;
				GCC_NO_COMMON_BLOCKS = YES;
				GCC_OPTIMIZATION_LEVEL = 0;
				GCC_PREPROCESSOR_DEFINITIONS = (
					"DEBUG=1",
					"$(inherited)",
				);
				GCC_WARN_64_TO_32_BIT_CONVERSION = YES;
				GCC_WARN_ABOUT_RETURN_TYPE = YES_ERROR;
				GCC_WARN_UNDECLARED_SELECTOR = YES;
				GCC_WARN_UNINITIALIZED_AUTOS = YES_AGGRESSIVE;
				GCC_WARN_UNUSED_FUNCTION = YES;
				GCC_WARN_UNUSED_VARIABLE = YES;
				IPHONEOS_DEPLOYMENT_TARGET = 18.1;
				LOCALIZATION_PREFERS_STRING_CATALOGS = YES;
				MTL_ENABLE_DEBUG_INFO = INCLUDE_SOURCE;
				MTL_FAST_MATH = YES;
				ONLY_ACTIVE_ARCH = YES;
				SDKROOT = iphoneos;
				SWIFT_ACTIVE_COMPILATION_CONDITIONS = "DEBUG $(inherited)";
				SWIFT_OPTIMIZATION_LEVEL = "-Onone";
			};
			name = Debug;
		};
		0199F3B22CE6798F00C7A87F /* Release */ = {
			isa = XCBuildConfiguration;
			buildSettings = {
				ALWAYS_SEARCH_USER_PATHS = NO;
				ASSETCATALOG_COMPILER_GENERATE_SWIFT_ASSET_SYMBOL_EXTENSIONS = YES;
				CLANG_ANALYZER_NONNULL = YES;
				CLANG_ANALYZER_NUMBER_OBJECT_CONVERSION = YES_AGGRESSIVE;
				CLANG_CXX_LANGUAGE_STANDARD = "gnu++20";
				CLANG_ENABLE_MODULES = YES;
				CLANG_ENABLE_OBJC_ARC = YES;
				CLANG_ENABLE_OBJC_WEAK = YES;
				CLANG_WARN_BLOCK_CAPTURE_AUTORELEASING = YES;
				CLANG_WARN_BOOL_CONVERSION = YES;
				CLANG_WARN_COMMA = YES;
				CLANG_WARN_CONSTANT_CONVERSION = YES;
				CLANG_WARN_DEPRECATED_OBJC_IMPLEMENTATIONS = YES;
				CLANG_WARN_DIRECT_OBJC_ISA_USAGE = YES_ERROR;
				CLANG_WARN_DOCUMENTATION_COMMENTS = YES;
				CLANG_WARN_EMPTY_BODY = YES;
				CLANG_WARN_ENUM_CONVERSION = YES;
				CLANG_WARN_INFINITE_RECURSION = YES;
				CLANG_WARN_INT_CONVERSION = YES;
				CLANG_WARN_NON_LITERAL_NULL_CONVERSION = YES;
				CLANG_WARN_OBJC_IMPLICIT_RETAIN_SELF = YES;
				CLANG_WARN_OBJC_LITERAL_CONVERSION = YES;
				CLANG_WARN_OBJC_ROOT_CLASS = YES_ERROR;
				CLANG_WARN_QUOTED_INCLUDE_IN_FRAMEWORK_HEADER = YES;
				CLANG_WARN_RANGE_LOOP_ANALYSIS = YES;
				CLANG_WARN_STRICT_PROTOTYPES = YES;
				CLANG_WARN_SUSPICIOUS_MOVE = YES;
				CLANG_WARN_UNGUARDED_AVAILABILITY = YES_AGGRESSIVE;
				CLANG_WARN_UNREACHABLE_CODE = YES;
				CLANG_WARN__DUPLICATE_METHOD_MATCH = YES;
				COPY_PHASE_STRIP = NO;
				DEBUG_INFORMATION_FORMAT = "dwarf-with-dsym";
				ENABLE_NS_ASSERTIONS = NO;
				ENABLE_STRICT_OBJC_MSGSEND = YES;
				ENABLE_USER_SCRIPT_SANDBOXING = YES;
				GCC_C_LANGUAGE_STANDARD = gnu17;
				GCC_NO_COMMON_BLOCKS = YES;
				GCC_WARN_64_TO_32_BIT_CONVERSION = YES;
				GCC_WARN_ABOUT_RETURN_TYPE = YES_ERROR;
				GCC_WARN_UNDECLARED_SELECTOR = YES;
				GCC_WARN_UNINITIALIZED_AUTOS = YES_AGGRESSIVE;
				GCC_WARN_UNUSED_FUNCTION = YES;
				GCC_WARN_UNUSED_VARIABLE = YES;
				IPHONEOS_DEPLOYMENT_TARGET = 18.1;
				LOCALIZATION_PREFERS_STRING_CATALOGS = YES;
				MTL_ENABLE_DEBUG_INFO = NO;
				MTL_FAST_MATH = YES;
				SDKROOT = iphoneos;
				SWIFT_COMPILATION_MODE = wholemodule;
				VALIDATE_PRODUCT = YES;
			};
			name = Release;
		};
		0199F3B42CE6798F00C7A87F /* Debug */ = {
			isa = XCBuildConfiguration;
			buildSettings = {
				ASSETCATALOG_COMPILER_APPICON_NAME = AppIcon;
				ASSETCATALOG_COMPILER_GLOBAL_ACCENT_COLOR_NAME = AccentColor;
				CODE_SIGN_IDENTITY = "Apple Development";
				CODE_SIGN_STYLE = Automatic;
				CURRENT_PROJECT_VERSION = 1;
				DEVELOPMENT_ASSET_PATHS = "\"iTour/Preview Content\"";
				DEVELOPMENT_TEAM = F49B75DC96;
				ENABLE_PREVIEWS = YES;
				GENERATE_INFOPLIST_FILE = YES;
				INFOPLIST_FILE = iTour/Info.plist;
				INFOPLIST_KEY_UIApplicationSceneManifest_Generation = YES;
				INFOPLIST_KEY_UIApplicationSupportsIndirectInputEvents = YES;
				INFOPLIST_KEY_UILaunchScreen_Generation = YES;
				INFOPLIST_KEY_UISupportedInterfaceOrientations_iPad = "UIInterfaceOrientationPortrait UIInterfaceOrientationPortraitUpsideDown UIInterfaceOrientationLandscapeLeft UIInterfaceOrientationLandscapeRight";
				INFOPLIST_KEY_UISupportedInterfaceOrientations_iPhone = "UIInterfaceOrientationPortrait UIInterfaceOrientationLandscapeLeft UIInterfaceOrientationLandscapeRight";
				IPHONEOS_DEPLOYMENT_TARGET = 18.0;
				LD_RUNPATH_SEARCH_PATHS = (
					"$(inherited)",
					"@executable_path/Frameworks",
				);
				MARKETING_VERSION = 1.0;
				PRODUCT_BUNDLE_IDENTIFIER = nickpm.pppoc;
				PRODUCT_NAME = "$(TARGET_NAME)";
				PROVISIONING_PROFILE_SPECIFIER = "";
				SWIFT_EMIT_LOC_STRINGS = YES;
				SWIFT_VERSION = 5.0;
				TARGETED_DEVICE_FAMILY = "1,2";
			};
			name = Debug;
		};
		0199F3B52CE6798F00C7A87F /* Release */ = {
			isa = XCBuildConfiguration;
			buildSettings = {
				ASSETCATALOG_COMPILER_APPICON_NAME = AppIcon;
				ASSETCATALOG_COMPILER_GLOBAL_ACCENT_COLOR_NAME = AccentColor;
				CODE_SIGN_IDENTITY = "Apple Development";
				CODE_SIGN_STYLE = Automatic;
				CURRENT_PROJECT_VERSION = 1;
				DEVELOPMENT_ASSET_PATHS = "\"iTour/Preview Content\"";
				DEVELOPMENT_TEAM = F49B75DC96;
				ENABLE_PREVIEWS = YES;
				GENERATE_INFOPLIST_FILE = YES;
				INFOPLIST_FILE = iTour/Info.plist;
				INFOPLIST_KEY_UIApplicationSceneManifest_Generation = YES;
				INFOPLIST_KEY_UIApplicationSupportsIndirectInputEvents = YES;
				INFOPLIST_KEY_UILaunchScreen_Generation = YES;
				INFOPLIST_KEY_UISupportedInterfaceOrientations_iPad = "UIInterfaceOrientationPortrait UIInterfaceOrientationPortraitUpsideDown UIInterfaceOrientationLandscapeLeft UIInterfaceOrientationLandscapeRight";
				INFOPLIST_KEY_UISupportedInterfaceOrientations_iPhone = "UIInterfaceOrientationPortrait UIInterfaceOrientationLandscapeLeft UIInterfaceOrientationLandscapeRight";
				IPHONEOS_DEPLOYMENT_TARGET = 18.0;
				LD_RUNPATH_SEARCH_PATHS = (
					"$(inherited)",
					"@executable_path/Frameworks",
				);
				MARKETING_VERSION = 1.0;
				PRODUCT_BUNDLE_IDENTIFIER = nickpm.pppoc;
				PRODUCT_NAME = "$(TARGET_NAME)";
				PROVISIONING_PROFILE_SPECIFIER = "";
				SWIFT_EMIT_LOC_STRINGS = YES;
				SWIFT_VERSION = 5.0;
				TARGETED_DEVICE_FAMILY = "1,2";
			};
			name = Release;
		};
/* End XCBuildConfiguration section */

/* Begin XCConfigurationList section */
		0199F3A02CE6798B00C7A87F /* Build configuration list for PBXProject "iTour" */ = {
			isa = XCConfigurationList;
			buildConfigurations = (
				0199F3B12CE6798F00C7A87F /* Debug */,
				0199F3B22CE6798F00C7A87F /* Release */,
			);
			defaultConfigurationIsVisible = 0;
			defaultConfigurationName = Release;
		};
		0199F3B32CE6798F00C7A87F /* Build configuration list for PBXNativeTarget "iTour" */ = {
			isa = XCConfigurationList;
			buildConfigurations = (
				0199F3B42CE6798F00C7A87F /* Debug */,
				0199F3B52CE6798F00C7A87F /* Release */,
			);
			defaultConfigurationIsVisible = 0;
			defaultConfigurationName = Release;
		};
/* End XCConfigurationList section */

/* Begin XCRemoteSwiftPackageReference section */
		01DB63362DF20EF200C09E8E /* XCRemoteSwiftPackageReference "Auth0" */ = {
			isa = XCRemoteSwiftPackageReference;
			repositoryURL = "https://github.com/auth0/Auth0.swift";
			requirement = {
				kind = upToNextMinorVersion;
				minimumVersion = 2.13.0;
			};
		};
/* End XCRemoteSwiftPackageReference section */

/* Begin XCSwiftPackageProductDependency section */
		01DB63372DF20EF200C09E8E /* Auth0 */ = {
			isa = XCSwiftPackageProductDependency;
			package = 01DB63362DF20EF200C09E8E /* XCRemoteSwiftPackageReference "Auth0" */;
			productName = Auth0;
		};
/* End XCSwiftPackageProductDependency section */
	};
	rootObject = 0199F39D2CE6798B00C7A87F /* Project object */;
}
