// !$*UTF8*$!
{
	archiveVersion = 1;
	classes = {
	};
	objectVersion = 77;
	objects = {

/* Begin PBXBuildFile section */
		0132936B2DD3A29900DCC602 /* Cafes.swift in Sources */ = {isa = PBXBuildFile; fileRef = 0132935A2DD3A29900DCC602 /* Cafes.swift */; };
		0132936C2DD3A29900DCC602 /* ModelData.swift in Sources */ = {isa = PBXBuildFile; fileRef = 0132935B2DD3A29900DCC602 /* ModelData.swift */; };
		0132936D2DD3A29900DCC602 /* Rate.swift in Sources */ = {isa = PBXBuildFile; fileRef = 0132935C2DD3A29900DCC602 /* Rate.swift */; };
		0132936E2DD3A29900DCC602 /* ContentView.swift in Sources */ = {isa = PBXBuildFile; fileRef = 013293632DD3A29900DCC602 /* ContentView.swift */; };
		0132936F2DD3A29900DCC602 /* ListCityView.swift in Sources */ = {isa = PBXBuildFile; fileRef = 013293642DD3A29900DCC602 /* ListCityView.swift */; };
		013293702DD3A29900DCC602 /* ListCountriesView.swift in Sources */ = {isa = PBXBuildFile; fileRef = 013293652DD3A29900DCC602 /* ListCountriesView.swift */; };
		013293712DD3A29900DCC602 /* ListDistrictView.swift in Sources */ = {isa = PBXBuildFile; fileRef = 013293662DD3A29900DCC602 /* ListDistrictView.swift */; };
		013293722DD3A29900DCC602 /* iTourApp.swift in Sources */ = {isa = PBXBuildFile; fileRef = 013293692DD3A29900DCC602 /* iTourApp.swift */; };
		013293732DD3A29900DCC602 /* Preview Assets.xcassets in Resources */ = {isa = PBXBuildFile; fileRef = 0132935E2DD3A29900DCC602 /* Preview Assets.xcassets */; };
		013293742DD3A29900DCC602 /* cafesData.json in Resources */ = {isa = PBXBuildFile; fileRef = 013293602DD3A29900DCC602 /* cafesData.json */; };
		013293752DD3A29900DCC602 /* ratesData.json in Resources */ = {isa = PBXBuildFile; fileRef = 013293612DD3A29900DCC602 /* ratesData.json */; };
		013293762DD3A29900DCC602 /* Assets.xcassets in Resources */ = {isa = PBXBuildFile; fileRef = 013293682DD3A29900DCC602 /* Assets.xcassets */; };
		01DB62E92DEDBB0F00C09E8E /* ModifiedCafesListView.swift in Sources */ = {isa = PBXBuildFile; fileRef = 01DB62E82DEDBB0F00C09E8E /* ModifiedCafesListView.swift */; };
/* End PBXBuildFile section */

/* Begin PBXFileReference section */
		0132935A2DD3A29900DCC602 /* Cafes.swift */ = {isa = PBXFileReference; lastKnownFileType = sourcecode.swift; path = Cafes.swift; sourceTree = "<group>"; };
		0132935B2DD3A29900DCC602 /* ModelData.swift */ = {isa = PBXFileReference; lastKnownFileType = sourcecode.swift; path = ModelData.swift; sourceTree = "<group>"; };
		0132935C2DD3A29900DCC602 /* Rate.swift */ = {isa = PBXFileReference; lastKnownFileType = sourcecode.swift; path = Rate.swift; sourceTree = "<group>"; };
		0132935E2DD3A29900DCC602 /* Preview Assets.xcassets */ = {isa = PBXFileReference; lastKnownFileType = folder.assetcatalog; path = "Preview Assets.xcassets"; sourceTree = "<group>"; };
		013293602DD3A29900DCC602 /* cafesData.json */ = {isa = PBXFileReference; lastKnownFileType = text.json; path = cafesData.json; sourceTree = "<group>"; };
		013293612DD3A29900DCC602 /* ratesData.json */ = {isa = PBXFileReference; lastKnownFileType = text.json; path = ratesData.json; sourceTree = "<group>"; };
		013293632DD3A29900DCC602 /* ContentView.swift */ = {isa = PBXFileReference; lastKnownFileType = sourcecode.swift; path = ContentView.swift; sourceTree = "<group>"; };
		013293642DD3A29900DCC602 /* ListCityView.swift */ = {isa = PBXFileReference; lastKnownFileType = sourcecode.swift; path = ListCityView.swift; sourceTree = "<group>"; };
		013293652DD3A29900DCC602 /* ListCountriesView.swift */ = {isa = PBXFileReference; lastKnownFileType = sourcecode.swift; path = ListCountriesView.swift; sourceTree = "<group>"; };
		013293662DD3A29900DCC602 /* ListDistrictView.swift */ = {isa = PBXFileReference; lastKnownFileType = sourcecode.swift; path = ListDistrictView.swift; sourceTree = "<group>"; };
		013293682DD3A29900DCC602 /* Assets.xcassets */ = {isa = PBXFileReference; lastKnownFileType = folder.assetcatalog; path = Assets.xcassets; sourceTree = "<group>"; };
		013293692DD3A29900DCC602 /* iTourApp.swift */ = {isa = PBXFileReference; lastKnownFileType = sourcecode.swift; path = iTourApp.swift; sourceTree = "<group>"; };
		0199F3A52CE6798B00C7A87F /* iTour.app */ = {isa = PBXFileReference; explicitFileType = wrapper.application; includeInIndex = 0; path = iTour.app; sourceTree = BUILT_PRODUCTS_DIR; };
		01DB62E82DEDBB0F00C09E8E /* ModifiedCafesListView.swift */ = {isa = PBXFileReference; lastKnownFileType = sourcecode.swift; path = ModifiedCafesListView.swift; sourceTree = "<group>"; };
/* End PBXFileReference section */

/* Begin PBXFrameworksBuildPhase section */
		0199F3A22CE6798B00C7A87F /* Frameworks */ = {
			isa = PBXFrameworksBuildPhase;
			buildActionMask = 2147483647;
			files = (
			);
			runOnlyForDeploymentPostprocessing = 0;
		};
/* End PBXFrameworksBuildPhase section */

/* Begin PBXGroup section */
		0132935D2DD3A29900DCC602 /* Model */ = {
			isa = PBXGroup;
			children = (
				0132935B2DD3A29900DCC602 /* ModelData.swift */,
				0132935A2DD3A29900DCC602 /* Cafes.swift */,
				0132935C2DD3A29900DCC602 /* Rate.swift */,
			);
			path = Model;
			sourceTree = "<group>";
		};
		0132935F2DD3A29900DCC602 /* Preview Content */ = {
			isa = PBXGroup;
			children = (
				0132935E2DD3A29900DCC602 /* Preview Assets.xcassets */,
			);
			path = "Preview Content";
			sourceTree = "<group>";
		};
		013293622DD3A29900DCC602 /* Resources */ = {
			isa = PBXGroup;
			children = (
				013293602DD3A29900DCC602 /* cafesData.json */,
				013293612DD3A29900DCC602 /* ratesData.json */,
			);
			path = Resources;
			sourceTree = "<group>";
		};
		013293672DD3A29900DCC602 /* Views */ = {
			isa = PBXGroup;
			children = (
				013293632DD3A29900DCC602 /* ContentView.swift */,
				013293652DD3A29900DCC602 /* ListCountriesView.swift */,
				013293642DD3A29900DCC602 /* ListCityView.swift */,
				013293662DD3A29900DCC602 /* ListDistrictView.swift */,
				01DB62E82DEDBB0F00C09E8E /* ModifiedCafesListView.swift */,
			);
			path = Views;
			sourceTree = "<group>";
		};
		0132936A2DD3A29900DCC602 /* iTour */ = {
			isa = PBXGroup;
			children = (
				013293692DD3A29900DCC602 /* iTourApp.swift */,
				013293672DD3A29900DCC602 /* Views */,
				0132935D2DD3A29900DCC602 /* Model */,
				013293622DD3A29900DCC602 /* Resources */,
				0132935F2DD3A29900DCC602 /* Preview Content */,
				013293682DD3A29900DCC602 /* Assets.xcassets */,
			);
			path = iTour;
			sourceTree = "<group>";
		};
		0199F39C2CE6798B00C7A87F = {
			isa = PBXGroup;
			children = (
				0132936A2DD3A29900DCC602 /* iTour */,
				0199F3A62CE6798B00C7A87F /* Products */,
			);
			sourceTree = "<group>";
		};
		0199F3A62CE6798B00C7A87F /* Products */ = {
			isa = PBXGroup;
			children = (
				0199F3A52CE6798B00C7A87F /* iTour.app */,
			);
			name = Products;
			sourceTree = "<group>";
		};
/* End PBXGroup section */

/* Begin PBXNativeTarget section */
		0199F3A42CE6798B00C7A87F /* iTour */ = {
			isa = PBXNativeTarget;
			buildConfigurationList = 0199F3B32CE6798F00C7A87F /* Build configuration list for PBXNativeTarget "iTour" */;
			buildPhases = (
				0199F3A12CE6798B00C7A87F /* Sources */,
				0199F3A22CE6798B00C7A87F /* Frameworks */,
				0199F3A32CE6798B00C7A87F /* Resources */,
			);
			buildRules = (
			);
			dependencies = (
			);
			name = iTour;
			packageProductDependencies = (
			);
			productName = iTour;
			productReference = 0199F3A52CE6798B00C7A87F /* iTour.app */;
			productType = "com.apple.product-type.application";
		};
/* End PBXNativeTarget section */

/* Begin PBXProject section */
		0199F39D2CE6798B00C7A87F /* Project object */ = {
			isa = PBXProject;
			attributes = {
				BuildIndependentTargetsInParallel = 1;
				LastSwiftUpdateCheck = 1610;
				LastUpgradeCheck = 1610;
				TargetAttributes = {
					0199F3A42CE6798B00C7A87F = {
						CreatedOnToolsVersion = 16.1;
					};
				};
			};
			buildConfigurationList = 0199F3A02CE6798B00C7A87F /* Build configuration list for PBXProject "iTour" */;
			developmentRegion = en;
			hasScannedForEncodings = 0;
			knownRegions = (
				en,
				Base,
			);
			mainGroup = 0199F39C2CE6798B00C7A87F;
			minimizedProjectReferenceProxies = 1;
			preferredProjectObjectVersion = 77;
			productRefGroup = 0199F3A62CE6798B00C7A87F /* Products */;
			projectDirPath = "";
			projectRoot = "";
			targets = (
				0199F3A42CE6798B00C7A87F /* iTour */,
			);
		};
/* End PBXProject section */

/* Begin PBXResourcesBuildPhase section */
		0199F3A32CE6798B00C7A87F /* Resources */ = {
			isa = PBXResourcesBuildPhase;
			buildActionMask = 2147483647;
			files = (
				013293732DD3A29900DCC602 /* Preview Assets.xcassets in Resources */,
				013293742DD3A29900DCC602 /* cafesData.json in Resources */,
				013293752DD3A29900DCC602 /* ratesData.json in Resources */,
				013293762DD3A29900DCC602 /* Assets.xcassets in Resources */,
			);
			runOnlyForDeploymentPostprocessing = 0;
		};
/* End PBXResourcesBuildPhase section */

/* Begin PBXSourcesBuildPhase section */
		0199F3A12CE6798B00C7A87F /* Sources */ = {
			isa = PBXSourcesBuildPhase;
			buildActionMask = 2147483647;
			files = (
				0132936B2DD3A29900DCC602 /* Cafes.swift in Sources */,
				0132936C2DD3A29900DCC602 /* ModelData.swift in Sources */,
				0132936D2DD3A29900DCC602 /* Rate.swift in Sources */,
				0132936E2DD3A29900DCC602 /* ContentView.swift in Sources */,
				0132936F2DD3A29900DCC602 /* ListCityView.swift in Sources */,
				013293702DD3A29900DCC602 /* ListCountriesView.swift in Sources */,
				013293712DD3A29900DCC602 /* ListDistrictView.swift in Sources */,
				01DB62E92DEDBB0F00C09E8E /* ModifiedCafesListView.swift in Sources */,
				013293722DD3A29900DCC602 /* iTourApp.swift in Sources */,
			);
			runOnlyForDeploymentPostprocessing = 0;
		};
/* End PBXSourcesBuildPhase section */

/* Begin XCBuildConfiguration section */
		0199F3B12CE6798F00C7A87F /* Debug */ = {
			isa = XCBuildConfiguration;
			buildSettings = {
				ALWAYS_SEARCH_USER_PATHS = NO;
				ASSETCATALOG_COMPILER_GENERATE_SWIFT_ASSET_SYMBOL_EXTENSIONS = YES;
				CLANG_ANALYZER_NONNULL = YES;
				CLANG_ANALYZER_NUMBER_OBJECT_CONVERSION = YES_AGGRESSIVE;
				CLANG_CXX_LANGUAGE_STANDARD = "gnu++20";
				CLANG_ENABLE_MODULES = YES;
				CLANG_ENABLE_OBJC_ARC = YES;
				CLANG_ENABLE_OBJC_WEAK = YES;
				CLANG_WARN_BLOCK_CAPTURE_AUTORELEASING = YES;
				CLANG_WARN_BOOL_CONVERSION = YES;
				CLANG_WARN_COMMA = YES;
				CLANG_WARN_CONSTANT_CONVERSION = YES;
				CLANG_WARN_DEPRECATED_OBJC_IMPLEMENTATIONS = YES;
				CLANG_WARN_DIRECT_OBJC_ISA_USAGE = YES_ERROR;
				CLANG_WARN_DOCUMENTATION_COMMENTS = YES;
				CLANG_WARN_EMPTY_BODY = YES;
				CLANG_WARN_ENUM_CONVERSION = YES;
				CLANG_WARN_INFINITE_RECURSION = YES;
				CLANG_WARN_INT_CONVERSION = YES;
				CLANG_WARN_NON_LITERAL_NULL_CONVERSION = YES;
				CLANG_WARN_OBJC_IMPLICIT_RETAIN_SELF = YES;
				CLANG_WARN_OBJC_LITERAL_CONVERSION = YES;
				CLANG_WARN_OBJC_ROOT_CLASS = YES_ERROR;
				CLANG_WARN_QUOTED_INCLUDE_IN_FRAMEWORK_HEADER = YES;
				CLANG_WARN_RANGE_LOOP_ANALYSIS = YES;
				CLANG_WARN_STRICT_PROTOTYPES = YES;
				CLANG_WARN_SUSPICIOUS_MOVE = YES;
				CLANG_WARN_UNGUARDED_AVAILABILITY = YES_AGGRESSIVE;
				CLANG_WARN_UNREACHABLE_CODE = YES;
				CLANG_WARN__DUPLICATE_METHOD_MATCH = YES;
				COPY_PHASE_STRIP = NO;
				DEBUG_INFORMATION_FORMAT = dwarf;
				ENABLE_STRICT_OBJC_MSGSEND = YES;
				ENABLE_TESTABILITY = YES;
				ENABLE_USER_SCRIPT_SANDBOXING = YES;
				GCC_C_LANGUAGE_STANDARD = gnu17;
				GCC_DYNAMIC_NO_PIC = NO;
				GCC_NO_COMMON_BLOCKS = YES;
				GCC_OPTIMIZATION_LEVEL = 0;
				GCC_PREPROCESSOR_DEFINITIONS = (
					"DEBUG=1",
					"$(inherited)",
				);
				GCC_WARN_64_TO_32_BIT_CONVERSION = YES;
				GCC_WARN_ABOUT_RETURN_TYPE = YES_ERROR;
				GCC_WARN_UNDECLARED_SELECTOR = YES;
				GCC_WARN_UNINITIALIZED_AUTOS = YES_AGGRESSIVE;
				GCC_WARN_UNUSED_FUNCTION = YES;
				GCC_WARN_UNUSED_VARIABLE = YES;
				IPHONEOS_DEPLOYMENT_TARGET = 18.1;
				LOCALIZATION_PREFERS_STRING_CATALOGS = YES;
				MTL_ENABLE_DEBUG_INFO = INCLUDE_SOURCE;
				MTL_FAST_MATH = YES;
				ONLY_ACTIVE_ARCH = YES;
				SDKROOT = iphoneos;
				SWIFT_ACTIVE_COMPILATION_CONDITIONS = "DEBUG $(inherited)";
				SWIFT_OPTIMIZATION_LEVEL = "-Onone";
			};
			name = Debug;
		};
		0199F3B22CE6798F00C7A87F /* Release */ = {
			isa = XCBuildConfiguration;
			buildSettings = {
				ALWAYS_SEARCH_USER_PATHS = NO;
				ASSETCATALOG_COMPILER_GENERATE_SWIFT_ASSET_SYMBOL_EXTENSIONS = YES;
				CLANG_ANALYZER_NONNULL = YES;
				CLANG_ANALYZER_NUMBER_OBJECT_CONVERSION = YES_AGGRESSIVE;
				CLANG_CXX_LANGUAGE_STANDARD = "gnu++20";
				CLANG_ENABLE_MODULES = YES;
				CLANG_ENABLE_OBJC_ARC = YES;
				CLANG_ENABLE_OBJC_WEAK = YES;
				CLANG_WARN_BLOCK_CAPTURE_AUTORELEASING = YES;
				CLANG_WARN_BOOL_CONVERSION = YES;
				CLANG_WARN_COMMA = YES;
				CLANG_WARN_CONSTANT_CONVERSION = YES;
				CLANG_WARN_DEPRECATED_OBJC_IMPLEMENTATIONS = YES;
				CLANG_WARN_DIRECT_OBJC_ISA_USAGE = YES_ERROR;
				CLANG_WARN_DOCUMENTATION_COMMENTS = YES;
				CLANG_WARN_EMPTY_BODY = YES;
				CLANG_WARN_ENUM_CONVERSION = YES;
				CLANG_WARN_INFINITE_RECURSION = YES;
				CLANG_WARN_INT_CONVERSION = YES;
				CLANG_WARN_NON_LITERAL_NULL_CONVERSION = YES;
				CLANG_WARN_OBJC_IMPLICIT_RETAIN_SELF = YES;
				CLANG_WARN_OBJC_LITERAL_CONVERSION = YES;
				CLANG_WARN_OBJC_ROOT_CLASS = YES_ERROR;
				CLANG_WARN_QUOTED_INCLUDE_IN_FRAMEWORK_HEADER = YES;
				CLANG_WARN_RANGE_LOOP_ANALYSIS = YES;
				CLANG_WARN_STRICT_PROTOTYPES = YES;
				CLANG_WARN_SUSPICIOUS_MOVE = YES;
				CLANG_WARN_UNGUARDED_AVAILABILITY = YES_AGGRESSIVE;
				CLANG_WARN_UNREACHABLE_CODE = YES;
				CLANG_WARN__DUPLICATE_METHOD_MATCH = YES;
				COPY_PHASE_STRIP = NO;
				DEBUG_INFORMATION_FORMAT = "dwarf-with-dsym";
				ENABLE_NS_ASSERTIONS = NO;
				ENABLE_STRICT_OBJC_MSGSEND = YES;
				ENABLE_USER_SCRIPT_SANDBOXING = YES;
				GCC_C_LANGUAGE_STANDARD = gnu17;
				GCC_NO_COMMON_BLOCKS = YES;
				GCC_WARN_64_TO_32_BIT_CONVERSION = YES;
				GCC_WARN_ABOUT_RETURN_TYPE = YES_ERROR;
				GCC_WARN_UNDECLARED_SELECTOR = YES;
				GCC_WARN_UNINITIALIZED_AUTOS = YES_AGGRESSIVE;
				GCC_WARN_UNUSED_FUNCTION = YES;
				GCC_WARN_UNUSED_VARIABLE = YES;
				IPHONEOS_DEPLOYMENT_TARGET = 18.1;
				LOCALIZATION_PREFERS_STRING_CATALOGS = YES;
				MTL_ENABLE_DEBUG_INFO = NO;
				MTL_FAST_MATH = YES;
				SDKROOT = iphoneos;
				SWIFT_COMPILATION_MODE = wholemodule;
				VALIDATE_PRODUCT = YES;
			};
			name = Release;
		};
		0199F3B42CE6798F00C7A87F /* Debug */ = {
			isa = XCBuildConfiguration;
			buildSettings = {
				ASSETCATALOG_COMPILER_APPICON_NAME = AppIcon;
				ASSETCATALOG_COMPILER_GLOBAL_ACCENT_COLOR_NAME = AccentColor;
				CODE_SIGN_IDENTITY = "Apple Development";
				CODE_SIGN_STYLE = Automatic;
				CURRENT_PROJECT_VERSION = 1;
				DEVELOPMENT_ASSET_PATHS = "\"iTour/Preview Content\"";
				DEVELOPMENT_TEAM = F49B75DC96;
				ENABLE_PREVIEWS = YES;
				GENERATE_INFOPLIST_FILE = YES;
				INFOPLIST_KEY_UIApplicationSceneManifest_Generation = YES;
				INFOPLIST_KEY_UIApplicationSupportsIndirectInputEvents = YES;
				INFOPLIST_KEY_UILaunchScreen_Generation = YES;
				INFOPLIST_KEY_UISupportedInterfaceOrientations_iPad = "UIInterfaceOrientationPortrait UIInterfaceOrientationPortraitUpsideDown UIInterfaceOrientationLandscapeLeft UIInterfaceOrientationLandscapeRight";
				INFOPLIST_KEY_UISupportedInterfaceOrientations_iPhone = "UIInterfaceOrientationPortrait UIInterfaceOrientationLandscapeLeft UIInterfaceOrientationLandscapeRight";
				IPHONEOS_DEPLOYMENT_TARGET = 18.0;
				LD_RUNPATH_SEARCH_PATHS = (
					"$(inherited)",
					"@executable_path/Frameworks",
				);
				MARKETING_VERSION = 1.0;
				PRODUCT_BUNDLE_IDENTIFIER = nickpm.pppoc;
				PRODUCT_NAME = "$(TARGET_NAME)";
				PROVISIONING_PROFILE_SPECIFIER = "";
				SWIFT_EMIT_LOC_STRINGS = YES;
				SWIFT_VERSION = 5.0;
				TARGETED_DEVICE_FAMILY = "1,2";
			};
			name = Debug;
		};
		0199F3B52CE6798F00C7A87F /* Release */ = {
			isa = XCBuildConfiguration;
			buildSettings = {
				ASSETCATALOG_COMPILER_APPICON_NAME = AppIcon;
				ASSETCATALOG_COMPILER_GLOBAL_ACCENT_COLOR_NAME = AccentColor;
				CODE_SIGN_IDENTITY = "Apple Development";
				CODE_SIGN_STYLE = Automatic;
				CURRENT_PROJECT_VERSION = 1;
				DEVELOPMENT_ASSET_PATHS = "\"iTour/Preview Content\"";
				DEVELOPMENT_TEAM = F49B75DC96;
				ENABLE_PREVIEWS = YES;
				GENERATE_INFOPLIST_FILE = YES;
				INFOPLIST_KEY_UIApplicationSceneManifest_Generation = YES;
				INFOPLIST_KEY_UIApplicationSupportsIndirectInputEvents = YES;
				INFOPLIST_KEY_UILaunchScreen_Generation = YES;
				INFOPLIST_KEY_UISupportedInterfaceOrientations_iPad = "UIInterfaceOrientationPortrait UIInterfaceOrientationPortraitUpsideDown UIInterfaceOrientationLandscapeLeft UIInterfaceOrientationLandscapeRight";
				INFOPLIST_KEY_UISupportedInterfaceOrientations_iPhone = "UIInterfaceOrientationPortrait UIInterfaceOrientationLandscapeLeft UIInterfaceOrientationLandscapeRight";
				IPHONEOS_DEPLOYMENT_TARGET = 18.0;
				LD_RUNPATH_SEARCH_PATHS = (
					"$(inherited)",
					"@executable_path/Frameworks",
				);
				MARKETING_VERSION = 1.0;
				PRODUCT_BUNDLE_IDENTIFIER = nickpm.pppoc;
				PRODUCT_NAME = "$(TARGET_NAME)";
				PROVISIONING_PROFILE_SPECIFIER = "";
				SWIFT_EMIT_LOC_STRINGS = YES;
				SWIFT_VERSION = 5.0;
				TARGETED_DEVICE_FAMILY = "1,2";
			};
			name = Release;
		};
/* End XCBuildConfiguration section */

/* Begin XCConfigurationList section */
		0199F3A02CE6798B00C7A87F /* Build configuration list for PBXProject "iTour" */ = {
			isa = XCConfigurationList;
			buildConfigurations = (
				0199F3B12CE6798F00C7A87F /* Debug */,
				0199F3B22CE6798F00C7A87F /* Release */,
			);
			defaultConfigurationIsVisible = 0;
			defaultConfigurationName = Release;
		};
		0199F3B32CE6798F00C7A87F /* Build configuration list for PBXNativeTarget "iTour" */ = {
			isa = XCConfigurationList;
			buildConfigurations = (
				0199F3B42CE6798F00C7A87F /* Debug */,
				0199F3B52CE6798F00C7A87F /* Release */,
			);
			defaultConfigurationIsVisible = 0;
			defaultConfigurationName = Release;
		};
/* End XCConfigurationList section */
	};
	rootObject = 0199F39D2CE6798B00C7A87F /* Project object */;
}
